
Microsoft Visual Studio Solution File, Format Version 12.00
# Visual Studio Version 17
VisualStudioVersion = 17.1.32421.90
MinimumVisualStudioVersion = 10.0.40219.1
Project("{8BC9CEB8-8B4A-11D0-8D11-00A0C91BC942}") = "Box", "box\box.vcxproj", "{E9AE1D47-D0EF-4DA4-8683-C5FCC4FFB3E8}"
EndProject
Project("{8BC9CEB8-8B4A-11D0-8D11-00A0C91BC942}") = "NIO", "NIO\NIO.vcxproj", "{C6DD9EC3-C858-4364-A36B-9F60D0E32CB4}"
EndProject
Global
	GlobalSection(SolutionConfigurationPlatforms) = preSolution
		Debug|x64 = Debug|x64
		Release|x64 = Release|x64
	EndGlobalSection
	GlobalSection(ProjectConfigurationPlatforms) = postSolution
		{E9AE1D47-D0EF-4DA4-8683-C5FCC4FFB3E8}.Debug|x64.ActiveCfg = Debug|x64
		{E9AE1D47-D0EF-4DA4-8683-C5FCC4FFB3E8}.Debug|x64.Build.0 = Debug|x64
		{E9AE1D47-D0EF-4DA4-8683-C5FCC4FFB3E8}.Release|x64.ActiveCfg = Release|x64
		{E9AE1D47-D0EF-4DA4-8683-C5FCC4FFB3E8}.Release|x64.Build.0 = Release|x64
		{C6DD9EC3-C858-4364-A36B-9F60D0E32CB4}.Debug|x64.ActiveCfg = Debug|x64
		{C6DD9EC3-C858-4364-A36B-9F60D0E32CB4}.Debug|x64.Build.0 = Debug|x64
		{C6DD9EC3-C858-4364-A36B-9F60D0E32CB4}.Release|x64.ActiveCfg = Release|x64
		{C6DD9EC3-C858-4364-A36B-9F60D0E32CB4}.Release|x64.Build.0 = Release|x64
	EndGlobalSection
	GlobalSection(SolutionProperties) = preSolution
		HideSolutionNode = FALSE
	EndGlobalSection
	GlobalSection(ExtensibilityGlobals) = postSolution
		SolutionGuid = {4B319B50-2AF1-4721-9FAE-70C7C587C3A7}
	EndGlobalSection
EndGlobal
