<?xml version="1.0" encoding="utf-8"?>
<Project ToolsVersion="4.0" xmlns="http://schemas.microsoft.com/developer/msbuild/2003">
  <ItemGroup>
    <Filter Include="NIO">
      <UniqueIdentifier>{6B08880B-D711-887C-608D-9E7CCC95937C}</UniqueIdentifier>
    </Filter>
  </ItemGroup>
  <ItemGroup>
    <ClInclude Include="src\NIO.h" />
    <ClInclude Include="src\NIO\Application.h">
      <Filter>NIO</Filter>
    </ClInclude>
    <ClInclude Include="src\NIO\Core.h">
      <Filter>NIO</Filter>
    </ClInclude>
    <ClInclude Include="src\NIO\EntryPoint.h">
      <Filter>NIO</Filter>
    </ClInclude>
    <ClInclude Include="src\NIO\Log.h">
      <Filter>NIO</Filter>
    </ClInclude>
  </ItemGroup>
  <ItemGroup>
    <ClCompile Include="src\NIO\Application.cpp">
      <Filter>NIO</Filter>
    </ClCompile>
    <ClCompile Include="src\NIO\Log.cpp">
      <Filter>NIO</Filter>
    </ClCompile>
  </ItemGroup>
</Project>